{
  "originHash" : "01ec75ac2d5d7e2b97196d9b8d7ea4eaf82e3f308dc94688c1d9a8be59712c43",
  "pins" : [
    {
      "identity" : "hierarchyresponder",
      "kind" : "remoteSourceControl",
      "location" : "https://github.com/EmilioPelaez/HierarchyResponder",
      "state" : {
        "revision" : "c84b39d4a1dcff746bc441c7eaab953e0df068fd",
        "version" : "1.1.7"
      }
    }
  ],
  "version" : 3
}
