{
  "originHash" : "ad15f50e12124a94980711656e5176370bd36f23465187b9b6ace948b23f7401",
  "pins" : [
    {
      "identity" : "hierarchyresponder",
      "kind" : "remoteSourceControl",
      "location" : "https://github.com/EmilioPelaez/HierarchyResponder",
      "state" : {
        "revision" : "c84b39d4a1dcff746bc441c7eaab953e0df068fd",
        "version" : "1.1.7"
      }
    }
  ],
  "version" : 3
}
