// !$*UTF8*$!
{
	archiveVersion = 1;
	classes = {
	};
	objectVersion = 70;
	objects = {

/* Begin PBXBuildFile section */
		BCBE81682842BC4C002C5FE4 /* MoviesClient.swift in Sources */ = {isa = PBXBuildFile; fileRef = BCBE81672842BC4C002C5FE4 /* MoviesClient.swift */; };
		BCBE816A2842BD6D002C5FE4 /* MainScreen.swift in Sources */ = {isa = PBXBuildFile; fileRef = BCBE81692842BD6D002C5FE4 /* MainScreen.swift */; };
		BCBE816D2842BEA8002C5FE4 /* Movie.swift in Sources */ = {isa = PBXBuildFile; fileRef = BCBE816C2842BEA8002C5FE4 /* Movie.swift */; };
		BCBE816F2842BF4B002C5FE4 /* PopularMoviesRequest.swift in Sources */ = {isa = PBXBuildFile; fileRef = BCBE816E2842BF4B002C5FE4 /* PopularMoviesRequest.swift */; };
		BCBE81712842C0D4002C5FE4 /* MovieList.swift in Sources */ = {isa = PBXBuildFile; fileRef = BCBE81702842C0D4002C5FE4 /* MovieList.swift */; };
		BCBE81762842C150002C5FE4 /* MovieRow.swift in Sources */ = {isa = PBXBuildFile; fileRef = BCBE81752842C150002C5FE4 /* MovieRow.swift */; };
		BCBE81782842D415002C5FE4 /* ImagesClient.swift in Sources */ = {isa = PBXBuildFile; fileRef = BCBE81772842D415002C5FE4 /* ImagesClient.swift */; };
		BCBE817A2842D4B7002C5FE4 /* MovieImageRequest.swift in Sources */ = {isa = PBXBuildFile; fileRef = BCBE81792842D4B7002C5FE4 /* MovieImageRequest.swift */; };
		BCBE817D2842D526002C5FE4 /* Image+Data.swift in Sources */ = {isa = PBXBuildFile; fileRef = BCBE817C2842D526002C5FE4 /* Image+Data.swift */; };
		BCBE818128441A78002C5FE4 /* RemoteImage.swift in Sources */ = {isa = PBXBuildFile; fileRef = BCBE818028441A78002C5FE4 /* RemoteImage.swift */; };
		BCBE818328442194002C5FE4 /* ExampleApp.swift in Sources */ = {isa = PBXBuildFile; fileRef = BCBE818228442194002C5FE4 /* ExampleApp.swift */; };
		C83B306E2D13C60300E47986 /* MonarchExampleWatch.app in Embed Watch Content */ = {isa = PBXBuildFile; fileRef = C83B30612D13C60100E47986 /* MonarchExampleWatch.app */; settings = {ATTRIBUTES = (RemoveHeadersOnCopy, ); }; };
		C83B30742D13C64600E47986 /* Monarch in Frameworks */ = {isa = PBXBuildFile; productRef = C83B30732D13C64600E47986 /* Monarch */; };
		C8958B1E282A191B00341D09 /* Monarch in Frameworks */ = {isa = PBXBuildFile; productRef = C8958B1D282A191B00341D09 /* Monarch */; };
		C8958B212831AEE700341D09 /* MemoryCache.swift in Sources */ = {isa = PBXBuildFile; fileRef = C8958B202831AEE700341D09 /* MemoryCache.swift */; };
		C8D8E1DB282A187C002F62FD /* Assets.xcassets in Resources */ = {isa = PBXBuildFile; fileRef = C8D8E1DA282A187C002F62FD /* Assets.xcassets */; };
		C8D8E1DE282A187C002F62FD /* Preview Assets.xcassets in Resources */ = {isa = PBXBuildFile; fileRef = C8D8E1DD282A187C002F62FD /* Preview Assets.xcassets */; };
/* End PBXBuildFile section */

/* Begin PBXContainerItemProxy section */
		C83B306C2D13C60300E47986 /* PBXContainerItemProxy */ = {
			isa = PBXContainerItemProxy;
			containerPortal = C8D8E1CB282A187A002F62FD /* Project object */;
			proxyType = 1;
			remoteGlobalIDString = C83B30602D13C60100E47986;
			remoteInfo = "MonarchExampleWatch Watch App";
		};
/* End PBXContainerItemProxy section */

/* Begin PBXCopyFilesBuildPhase section */
		C83B30722D13C60300E47986 /* Embed Watch Content */ = {
			isa = PBXCopyFilesBuildPhase;
			buildActionMask = 2147483647;
			dstPath = "$(CONTENTS_FOLDER_PATH)/Watch";
			dstSubfolderSpec = 16;
			files = (
				C83B306E2D13C60300E47986 /* MonarchExampleWatch.app in Embed Watch Content */,
			);
			name = "Embed Watch Content";
			runOnlyForDeploymentPostprocessing = 0;
		};
/* End PBXCopyFilesBuildPhase section */

/* Begin PBXFileReference section */
		BCBE81672842BC4C002C5FE4 /* MoviesClient.swift */ = {isa = PBXFileReference; lastKnownFileType = sourcecode.swift; path = MoviesClient.swift; sourceTree = "<group>"; };
		BCBE81692842BD6D002C5FE4 /* MainScreen.swift */ = {isa = PBXFileReference; lastKnownFileType = sourcecode.swift; path = MainScreen.swift; sourceTree = "<group>"; };
		BCBE816C2842BEA8002C5FE4 /* Movie.swift */ = {isa = PBXFileReference; lastKnownFileType = sourcecode.swift; path = Movie.swift; sourceTree = "<group>"; };
		BCBE816E2842BF4B002C5FE4 /* PopularMoviesRequest.swift */ = {isa = PBXFileReference; lastKnownFileType = sourcecode.swift; path = PopularMoviesRequest.swift; sourceTree = "<group>"; };
		BCBE81702842C0D4002C5FE4 /* MovieList.swift */ = {isa = PBXFileReference; lastKnownFileType = sourcecode.swift; path = MovieList.swift; sourceTree = "<group>"; };
		BCBE81752842C150002C5FE4 /* MovieRow.swift */ = {isa = PBXFileReference; lastKnownFileType = sourcecode.swift; path = MovieRow.swift; sourceTree = "<group>"; };
		BCBE81772842D415002C5FE4 /* ImagesClient.swift */ = {isa = PBXFileReference; lastKnownFileType = sourcecode.swift; path = ImagesClient.swift; sourceTree = "<group>"; };
		BCBE81792842D4B7002C5FE4 /* MovieImageRequest.swift */ = {isa = PBXFileReference; lastKnownFileType = sourcecode.swift; path = MovieImageRequest.swift; sourceTree = "<group>"; };
		BCBE817C2842D526002C5FE4 /* Image+Data.swift */ = {isa = PBXFileReference; lastKnownFileType = sourcecode.swift; path = "Image+Data.swift"; sourceTree = "<group>"; };
		BCBE818028441A78002C5FE4 /* RemoteImage.swift */ = {isa = PBXFileReference; fileEncoding = 4; lastKnownFileType = sourcecode.swift; path = RemoteImage.swift; sourceTree = "<group>"; };
		BCBE818228442194002C5FE4 /* ExampleApp.swift */ = {isa = PBXFileReference; fileEncoding = 4; lastKnownFileType = sourcecode.swift; path = ExampleApp.swift; sourceTree = "<group>"; };
		C83B30612D13C60100E47986 /* MonarchExampleWatch.app */ = {isa = PBXFileReference; explicitFileType = wrapper.application; includeInIndex = 0; path = MonarchExampleWatch.app; sourceTree = BUILT_PRODUCTS_DIR; };
		C8958B202831AEE700341D09 /* MemoryCache.swift */ = {isa = PBXFileReference; fileEncoding = 4; lastKnownFileType = sourcecode.swift; path = MemoryCache.swift; sourceTree = "<group>"; };
		C8D8E1D3282A187A002F62FD /* MonarchExample.app */ = {isa = PBXFileReference; explicitFileType = wrapper.application; includeInIndex = 0; path = MonarchExample.app; sourceTree = BUILT_PRODUCTS_DIR; };
		C8D8E1DA282A187C002F62FD /* Assets.xcassets */ = {isa = PBXFileReference; lastKnownFileType = folder.assetcatalog; path = Assets.xcassets; sourceTree = "<group>"; };
		C8D8E1DD282A187C002F62FD /* Preview Assets.xcassets */ = {isa = PBXFileReference; lastKnownFileType = folder.assetcatalog; path = "Preview Assets.xcassets"; sourceTree = "<group>"; };
		C8D8E1E5282A188F002F62FD /* Monarch */ = {isa = PBXFileReference; lastKnownFileType = wrapper; name = Monarch; path = ..; sourceTree = "<group>"; };
/* End PBXFileReference section */

/* Begin PBXFileSystemSynchronizedRootGroup section */
		C83B30622D13C60100E47986 /* MonarchExampleWatch */ = {isa = PBXFileSystemSynchronizedRootGroup; explicitFileTypes = {}; explicitFolders = (); path = MonarchExampleWatch; sourceTree = "<group>"; };
/* End PBXFileSystemSynchronizedRootGroup section */

/* Begin PBXFrameworksBuildPhase section */
		C83B305E2D13C60100E47986 /* Frameworks */ = {
			isa = PBXFrameworksBuildPhase;
			buildActionMask = 2147483647;
			files = (
				C83B30742D13C64600E47986 /* Monarch in Frameworks */,
			);
			runOnlyForDeploymentPostprocessing = 0;
		};
		C8D8E1D0282A187A002F62FD /* Frameworks */ = {
			isa = PBXFrameworksBuildPhase;
			buildActionMask = 2147483647;
			files = (
				C8958B1E282A191B00341D09 /* Monarch in Frameworks */,
			);
			runOnlyForDeploymentPostprocessing = 0;
		};
/* End PBXFrameworksBuildPhase section */

/* Begin PBXGroup section */
		BCBE81722842C0FE002C5FE4 /* Network */ = {
			isa = PBXGroup;
			children = (
				BCBE81672842BC4C002C5FE4 /* MoviesClient.swift */,
				BCBE816E2842BF4B002C5FE4 /* PopularMoviesRequest.swift */,
				BCBE81772842D415002C5FE4 /* ImagesClient.swift */,
				BCBE81792842D4B7002C5FE4 /* MovieImageRequest.swift */,
			);
			path = Network;
			sourceTree = "<group>";
		};
		BCBE81732842C10B002C5FE4 /* Model */ = {
			isa = PBXGroup;
			children = (
				BCBE816C2842BEA8002C5FE4 /* Movie.swift */,
			);
			path = Model;
			sourceTree = "<group>";
		};
		BCBE81742842C119002C5FE4 /* Views */ = {
			isa = PBXGroup;
			children = (
				BCBE818028441A78002C5FE4 /* RemoteImage.swift */,
				BCBE81702842C0D4002C5FE4 /* MovieList.swift */,
				BCBE81752842C150002C5FE4 /* MovieRow.swift */,
			);
			path = Views;
			sourceTree = "<group>";
		};
		BCBE817B2842D51C002C5FE4 /* Extensions */ = {
			isa = PBXGroup;
			children = (
				BCBE817C2842D526002C5FE4 /* Image+Data.swift */,
			);
			path = Extensions;
			sourceTree = "<group>";
		};
		C8958B1C282A191B00341D09 /* Frameworks */ = {
			isa = PBXGroup;
			children = (
			);
			name = Frameworks;
			sourceTree = "<group>";
		};
		C8958B1F2831AED500341D09 /* Examples */ = {
			isa = PBXGroup;
			children = (
				C8958B202831AEE700341D09 /* MemoryCache.swift */,
			);
			path = Examples;
			sourceTree = "<group>";
		};
		C8D8E1CA282A187A002F62FD = {
			isa = PBXGroup;
			children = (
				C8D8E1E4282A188F002F62FD /* Packages */,
				C8D8E1D5282A187A002F62FD /* MonarchExample */,
				C83B30622D13C60100E47986 /* MonarchExampleWatch */,
				C8D8E1D4282A187A002F62FD /* Products */,
				C8958B1C282A191B00341D09 /* Frameworks */,
			);
			sourceTree = "<group>";
			usesTabs = 1;
		};
		C8D8E1D4282A187A002F62FD /* Products */ = {
			isa = PBXGroup;
			children = (
				C8D8E1D3282A187A002F62FD /* MonarchExample.app */,
				C83B30612D13C60100E47986 /* MonarchExampleWatch.app */,
			);
			name = Products;
			sourceTree = "<group>";
		};
		C8D8E1D5282A187A002F62FD /* MonarchExample */ = {
			isa = PBXGroup;
			children = (
				BCBE818228442194002C5FE4 /* ExampleApp.swift */,
				BCBE81692842BD6D002C5FE4 /* MainScreen.swift */,
				BCBE81742842C119002C5FE4 /* Views */,
				BCBE81732842C10B002C5FE4 /* Model */,
				BCBE81722842C0FE002C5FE4 /* Network */,
				BCBE817B2842D51C002C5FE4 /* Extensions */,
				C8958B1F2831AED500341D09 /* Examples */,
				C8D8E1DA282A187C002F62FD /* Assets.xcassets */,
				C8D8E1DC282A187C002F62FD /* Preview Content */,
			);
			path = MonarchExample;
			sourceTree = "<group>";
		};
		C8D8E1DC282A187C002F62FD /* Preview Content */ = {
			isa = PBXGroup;
			children = (
				C8D8E1DD282A187C002F62FD /* Preview Assets.xcassets */,
			);
			path = "Preview Content";
			sourceTree = "<group>";
		};
		C8D8E1E4282A188F002F62FD /* Packages */ = {
			isa = PBXGroup;
			children = (
				C8D8E1E5282A188F002F62FD /* Monarch */,
			);
			name = Packages;
			sourceTree = "<group>";
		};
/* End PBXGroup section */

/* Begin PBXNativeTarget section */
		C83B30602D13C60100E47986 /* MonarchExampleWatch */ = {
			isa = PBXNativeTarget;
			buildConfigurationList = C83B306F2D13C60300E47986 /* Build configuration list for PBXNativeTarget "MonarchExampleWatch" */;
			buildPhases = (
				C83B305D2D13C60100E47986 /* Sources */,
				C83B305E2D13C60100E47986 /* Frameworks */,
				C83B305F2D13C60100E47986 /* Resources */,
			);
			buildRules = (
			);
			dependencies = (
			);
			fileSystemSynchronizedGroups = (
				C83B30622D13C60100E47986 /* MonarchExampleWatch */,
			);
			name = MonarchExampleWatch;
			packageProductDependencies = (
				C83B30732D13C64600E47986 /* Monarch */,
			);
			productName = "MonarchExampleWatch Watch App";
			productReference = C83B30612D13C60100E47986 /* MonarchExampleWatch.app */;
			productType = "com.apple.product-type.application";
		};
		C8D8E1D2282A187A002F62FD /* MonarchExample */ = {
			isa = PBXNativeTarget;
			buildConfigurationList = C8D8E1E1282A187C002F62FD /* Build configuration list for PBXNativeTarget "MonarchExample" */;
			buildPhases = (
				C8D8E1CF282A187A002F62FD /* Sources */,
				C8D8E1D0282A187A002F62FD /* Frameworks */,
				C8D8E1D1282A187A002F62FD /* Resources */,
				C83B30722D13C60300E47986 /* Embed Watch Content */,
			);
			buildRules = (
			);
			dependencies = (
				C83B306D2D13C60300E47986 /* PBXTargetDependency */,
			);
			name = MonarchExample;
			packageProductDependencies = (
				C8958B1D282A191B00341D09 /* Monarch */,
			);
			productName = MonarchExample;
			productReference = C8D8E1D3282A187A002F62FD /* MonarchExample.app */;
			productType = "com.apple.product-type.application";
		};
/* End PBXNativeTarget section */

/* Begin PBXProject section */
		C8D8E1CB282A187A002F62FD /* Project object */ = {
			isa = PBXProject;
			attributes = {
				BuildIndependentTargetsInParallel = 1;
				LastSwiftUpdateCheck = 1610;
				LastUpgradeCheck = 1330;
				TargetAttributes = {
					C83B30602D13C60100E47986 = {
						CreatedOnToolsVersion = 16.1;
					};
					C8D8E1D2282A187A002F62FD = {
						CreatedOnToolsVersion = 13.3.1;
					};
				};
			};
			buildConfigurationList = C8D8E1CE282A187A002F62FD /* Build configuration list for PBXProject "MonarchExample" */;
			compatibilityVersion = "Xcode 13.0";
			developmentRegion = en;
			hasScannedForEncodings = 0;
			knownRegions = (
				en,
				Base,
			);
			mainGroup = C8D8E1CA282A187A002F62FD;
			productRefGroup = C8D8E1D4282A187A002F62FD /* Products */;
			projectDirPath = "";
			projectRoot = "";
			targets = (
				C8D8E1D2282A187A002F62FD /* MonarchExample */,
				C83B30602D13C60100E47986 /* MonarchExampleWatch */,
			);
		};
/* End PBXProject section */

/* Begin PBXResourcesBuildPhase section */
		C83B305F2D13C60100E47986 /* Resources */ = {
			isa = PBXResourcesBuildPhase;
			buildActionMask = 2147483647;
			files = (
			);
			runOnlyForDeploymentPostprocessing = 0;
		};
		C8D8E1D1282A187A002F62FD /* Resources */ = {
			isa = PBXResourcesBuildPhase;
			buildActionMask = 2147483647;
			files = (
				C8D8E1DE282A187C002F62FD /* Preview Assets.xcassets in Resources */,
				C8D8E1DB282A187C002F62FD /* Assets.xcassets in Resources */,
			);
			runOnlyForDeploymentPostprocessing = 0;
		};
/* End PBXResourcesBuildPhase section */

/* Begin PBXSourcesBuildPhase section */
		C83B305D2D13C60100E47986 /* Sources */ = {
			isa = PBXSourcesBuildPhase;
			buildActionMask = 2147483647;
			files = (
			);
			runOnlyForDeploymentPostprocessing = 0;
		};
		C8D8E1CF282A187A002F62FD /* Sources */ = {
			isa = PBXSourcesBuildPhase;
			buildActionMask = 2147483647;
			files = (
				BCBE818328442194002C5FE4 /* ExampleApp.swift in Sources */,
				C8958B212831AEE700341D09 /* MemoryCache.swift in Sources */,
				BCBE81762842C150002C5FE4 /* MovieRow.swift in Sources */,
				BCBE816A2842BD6D002C5FE4 /* MainScreen.swift in Sources */,
				BCBE816F2842BF4B002C5FE4 /* PopularMoviesRequest.swift in Sources */,
				BCBE81782842D415002C5FE4 /* ImagesClient.swift in Sources */,
				BCBE817D2842D526002C5FE4 /* Image+Data.swift in Sources */,
				BCBE817A2842D4B7002C5FE4 /* MovieImageRequest.swift in Sources */,
				BCBE81682842BC4C002C5FE4 /* MoviesClient.swift in Sources */,
				BCBE818128441A78002C5FE4 /* RemoteImage.swift in Sources */,
				BCBE816D2842BEA8002C5FE4 /* Movie.swift in Sources */,
				BCBE81712842C0D4002C5FE4 /* MovieList.swift in Sources */,
			);
			runOnlyForDeploymentPostprocessing = 0;
		};
/* End PBXSourcesBuildPhase section */

/* Begin PBXTargetDependency section */
		C83B306D2D13C60300E47986 /* PBXTargetDependency */ = {
			isa = PBXTargetDependency;
			target = C83B30602D13C60100E47986 /* MonarchExampleWatch */;
			targetProxy = C83B306C2D13C60300E47986 /* PBXContainerItemProxy */;
		};
/* End PBXTargetDependency section */

/* Begin XCBuildConfiguration section */
		C83B30702D13C60300E47986 /* Debug */ = {
			isa = XCBuildConfiguration;
			buildSettings = {
				ASSETCATALOG_COMPILER_APPICON_NAME = AppIcon;
				ASSETCATALOG_COMPILER_GENERATE_SWIFT_ASSET_SYMBOL_EXTENSIONS = YES;
				ASSETCATALOG_COMPILER_GLOBAL_ACCENT_COLOR_NAME = AccentColor;
				CLANG_CXX_LANGUAGE_STANDARD = "gnu++20";
				CODE_SIGN_STYLE = Automatic;
				CURRENT_PROJECT_VERSION = 1;
				DEVELOPMENT_ASSET_PATHS = "\"MonarchExampleWatch/Preview Content\"";
				DEVELOPMENT_TEAM = FS696NSBK7;
				ENABLE_PREVIEWS = YES;
				ENABLE_USER_SCRIPT_SANDBOXING = YES;
				GCC_C_LANGUAGE_STANDARD = gnu17;
				GENERATE_INFOPLIST_FILE = YES;
				INFOPLIST_KEY_CFBundleDisplayName = MonarchExampleWatch;
				INFOPLIST_KEY_UISupportedInterfaceOrientations = "UIInterfaceOrientationPortrait UIInterfaceOrientationPortraitUpsideDown";
				INFOPLIST_KEY_WKCompanionAppBundleIdentifier = com.emiliopelaez.MonarchExample;
				LD_RUNPATH_SEARCH_PATHS = (
					"$(inherited)",
					"@executable_path/Frameworks",
				);
				LOCALIZATION_PREFERS_STRING_CATALOGS = YES;
				MARKETING_VERSION = 1.0;
				PRODUCT_BUNDLE_IDENTIFIER = com.emiliopelaez.MonarchExample.watchkitapp;
				PRODUCT_NAME = "$(TARGET_NAME)";
				SDKROOT = watchos;
				SKIP_INSTALL = YES;
				SWIFT_ACTIVE_COMPILATION_CONDITIONS = "DEBUG $(inherited)";
				SWIFT_EMIT_LOC_STRINGS = YES;
				SWIFT_VERSION = 5.0;
				TARGETED_DEVICE_FAMILY = 4;
				WATCHOS_DEPLOYMENT_TARGET = 11.1;
			};
			name = Debug;
		};
		C83B30712D13C60300E47986 /* Release */ = {
			isa = XCBuildConfiguration;
			buildSettings = {
				ASSETCATALOG_COMPILER_APPICON_NAME = AppIcon;
				ASSETCATALOG_COMPILER_GENERATE_SWIFT_ASSET_SYMBOL_EXTENSIONS = YES;
				ASSETCATALOG_COMPILER_GLOBAL_ACCENT_COLOR_NAME = AccentColor;
				CLANG_CXX_LANGUAGE_STANDARD = "gnu++20";
				CODE_SIGN_STYLE = Automatic;
				CURRENT_PROJECT_VERSION = 1;
				DEVELOPMENT_ASSET_PATHS = "\"MonarchExampleWatch/Preview Content\"";
				DEVELOPMENT_TEAM = FS696NSBK7;
				ENABLE_PREVIEWS = YES;
				ENABLE_USER_SCRIPT_SANDBOXING = YES;
				GCC_C_LANGUAGE_STANDARD = gnu17;
				GENERATE_INFOPLIST_FILE = YES;
				INFOPLIST_KEY_CFBundleDisplayName = MonarchExampleWatch;
				INFOPLIST_KEY_UISupportedInterfaceOrientations = "UIInterfaceOrientationPortrait UIInterfaceOrientationPortraitUpsideDown";
				INFOPLIST_KEY_WKCompanionAppBundleIdentifier = com.emiliopelaez.MonarchExample;
				LD_RUNPATH_SEARCH_PATHS = (
					"$(inherited)",
					"@executable_path/Frameworks",
				);
				LOCALIZATION_PREFERS_STRING_CATALOGS = YES;
				MARKETING_VERSION = 1.0;
				PRODUCT_BUNDLE_IDENTIFIER = com.emiliopelaez.MonarchExample.watchkitapp;
				PRODUCT_NAME = "$(TARGET_NAME)";
				SDKROOT = watchos;
				SKIP_INSTALL = YES;
				SWIFT_EMIT_LOC_STRINGS = YES;
				SWIFT_VERSION = 5.0;
				TARGETED_DEVICE_FAMILY = 4;
				WATCHOS_DEPLOYMENT_TARGET = 11.1;
			};
			name = Release;
		};
		C8D8E1DF282A187C002F62FD /* Debug */ = {
			isa = XCBuildConfiguration;
			buildSettings = {
				ALWAYS_SEARCH_USER_PATHS = NO;
				CLANG_ANALYZER_NONNULL = YES;
				CLANG_ANALYZER_NUMBER_OBJECT_CONVERSION = YES_AGGRESSIVE;
				CLANG_CXX_LANGUAGE_STANDARD = "gnu++17";
				CLANG_ENABLE_MODULES = YES;
				CLANG_ENABLE_OBJC_ARC = YES;
				CLANG_ENABLE_OBJC_WEAK = YES;
				CLANG_WARN_BLOCK_CAPTURE_AUTORELEASING = YES;
				CLANG_WARN_BOOL_CONVERSION = YES;
				CLANG_WARN_COMMA = YES;
				CLANG_WARN_CONSTANT_CONVERSION = YES;
				CLANG_WARN_DEPRECATED_OBJC_IMPLEMENTATIONS = YES;
				CLANG_WARN_DIRECT_OBJC_ISA_USAGE = YES_ERROR;
				CLANG_WARN_DOCUMENTATION_COMMENTS = YES;
				CLANG_WARN_EMPTY_BODY = YES;
				CLANG_WARN_ENUM_CONVERSION = YES;
				CLANG_WARN_INFINITE_RECURSION = YES;
				CLANG_WARN_INT_CONVERSION = YES;
				CLANG_WARN_NON_LITERAL_NULL_CONVERSION = YES;
				CLANG_WARN_OBJC_IMPLICIT_RETAIN_SELF = YES;
				CLANG_WARN_OBJC_LITERAL_CONVERSION = YES;
				CLANG_WARN_OBJC_ROOT_CLASS = YES_ERROR;
				CLANG_WARN_QUOTED_INCLUDE_IN_FRAMEWORK_HEADER = YES;
				CLANG_WARN_RANGE_LOOP_ANALYSIS = YES;
				CLANG_WARN_STRICT_PROTOTYPES = YES;
				CLANG_WARN_SUSPICIOUS_MOVE = YES;
				CLANG_WARN_UNGUARDED_AVAILABILITY = YES_AGGRESSIVE;
				CLANG_WARN_UNREACHABLE_CODE = YES;
				CLANG_WARN__DUPLICATE_METHOD_MATCH = YES;
				COPY_PHASE_STRIP = NO;
				DEBUG_INFORMATION_FORMAT = dwarf;
				ENABLE_STRICT_OBJC_MSGSEND = YES;
				ENABLE_TESTABILITY = YES;
				GCC_C_LANGUAGE_STANDARD = gnu11;
				GCC_DYNAMIC_NO_PIC = NO;
				GCC_NO_COMMON_BLOCKS = YES;
				GCC_OPTIMIZATION_LEVEL = 0;
				GCC_PREPROCESSOR_DEFINITIONS = (
					"DEBUG=1",
					"$(inherited)",
				);
				GCC_WARN_64_TO_32_BIT_CONVERSION = YES;
				GCC_WARN_ABOUT_RETURN_TYPE = YES_ERROR;
				GCC_WARN_UNDECLARED_SELECTOR = YES;
				GCC_WARN_UNINITIALIZED_AUTOS = YES_AGGRESSIVE;
				GCC_WARN_UNUSED_FUNCTION = YES;
				GCC_WARN_UNUSED_VARIABLE = YES;
				IPHONEOS_DEPLOYMENT_TARGET = 15.4;
				MTL_ENABLE_DEBUG_INFO = INCLUDE_SOURCE;
				MTL_FAST_MATH = YES;
				ONLY_ACTIVE_ARCH = YES;
				SDKROOT = iphoneos;
				SWIFT_ACTIVE_COMPILATION_CONDITIONS = DEBUG;
				SWIFT_OPTIMIZATION_LEVEL = "-Onone";
			};
			name = Debug;
		};
		C8D8E1E0282A187C002F62FD /* Release */ = {
			isa = XCBuildConfiguration;
			buildSettings = {
				ALWAYS_SEARCH_USER_PATHS = NO;
				CLANG_ANALYZER_NONNULL = YES;
				CLANG_ANALYZER_NUMBER_OBJECT_CONVERSION = YES_AGGRESSIVE;
				CLANG_CXX_LANGUAGE_STANDARD = "gnu++17";
				CLANG_ENABLE_MODULES = YES;
				CLANG_ENABLE_OBJC_ARC = YES;
				CLANG_ENABLE_OBJC_WEAK = YES;
				CLANG_WARN_BLOCK_CAPTURE_AUTORELEASING = YES;
				CLANG_WARN_BOOL_CONVERSION = YES;
				CLANG_WARN_COMMA = YES;
				CLANG_WARN_CONSTANT_CONVERSION = YES;
				CLANG_WARN_DEPRECATED_OBJC_IMPLEMENTATIONS = YES;
				CLANG_WARN_DIRECT_OBJC_ISA_USAGE = YES_ERROR;
				CLANG_WARN_DOCUMENTATION_COMMENTS = YES;
				CLANG_WARN_EMPTY_BODY = YES;
				CLANG_WARN_ENUM_CONVERSION = YES;
				CLANG_WARN_INFINITE_RECURSION = YES;
				CLANG_WARN_INT_CONVERSION = YES;
				CLANG_WARN_NON_LITERAL_NULL_CONVERSION = YES;
				CLANG_WARN_OBJC_IMPLICIT_RETAIN_SELF = YES;
				CLANG_WARN_OBJC_LITERAL_CONVERSION = YES;
				CLANG_WARN_OBJC_ROOT_CLASS = YES_ERROR;
				CLANG_WARN_QUOTED_INCLUDE_IN_FRAMEWORK_HEADER = YES;
				CLANG_WARN_RANGE_LOOP_ANALYSIS = YES;
				CLANG_WARN_STRICT_PROTOTYPES = YES;
				CLANG_WARN_SUSPICIOUS_MOVE = YES;
				CLANG_WARN_UNGUARDED_AVAILABILITY = YES_AGGRESSIVE;
				CLANG_WARN_UNREACHABLE_CODE = YES;
				CLANG_WARN__DUPLICATE_METHOD_MATCH = YES;
				COPY_PHASE_STRIP = NO;
				DEBUG_INFORMATION_FORMAT = "dwarf-with-dsym";
				ENABLE_NS_ASSERTIONS = NO;
				ENABLE_STRICT_OBJC_MSGSEND = YES;
				GCC_C_LANGUAGE_STANDARD = gnu11;
				GCC_NO_COMMON_BLOCKS = YES;
				GCC_WARN_64_TO_32_BIT_CONVERSION = YES;
				GCC_WARN_ABOUT_RETURN_TYPE = YES_ERROR;
				GCC_WARN_UNDECLARED_SELECTOR = YES;
				GCC_WARN_UNINITIALIZED_AUTOS = YES_AGGRESSIVE;
				GCC_WARN_UNUSED_FUNCTION = YES;
				GCC_WARN_UNUSED_VARIABLE = YES;
				IPHONEOS_DEPLOYMENT_TARGET = 15.4;
				MTL_ENABLE_DEBUG_INFO = NO;
				MTL_FAST_MATH = YES;
				SDKROOT = iphoneos;
				SWIFT_COMPILATION_MODE = wholemodule;
				SWIFT_OPTIMIZATION_LEVEL = "-O";
				VALIDATE_PRODUCT = YES;
			};
			name = Release;
		};
		C8D8E1E2282A187C002F62FD /* Debug */ = {
			isa = XCBuildConfiguration;
			buildSettings = {
				ASSETCATALOG_COMPILER_APPICON_NAME = AppIcon;
				ASSETCATALOG_COMPILER_GLOBAL_ACCENT_COLOR_NAME = AccentColor;
				CODE_SIGN_STYLE = Automatic;
				CURRENT_PROJECT_VERSION = 1;
				DEVELOPMENT_ASSET_PATHS = "\"MonarchExample/Preview Content\"";
				DEVELOPMENT_TEAM = FS696NSBK7;
				ENABLE_PREVIEWS = YES;
				GENERATE_INFOPLIST_FILE = YES;
				INFOPLIST_KEY_UIApplicationSceneManifest_Generation = YES;
				INFOPLIST_KEY_UIApplicationSupportsIndirectInputEvents = YES;
				INFOPLIST_KEY_UILaunchScreen_Generation = YES;
				INFOPLIST_KEY_UISupportedInterfaceOrientations_iPad = "UIInterfaceOrientationPortrait UIInterfaceOrientationPortraitUpsideDown UIInterfaceOrientationLandscapeLeft UIInterfaceOrientationLandscapeRight";
				INFOPLIST_KEY_UISupportedInterfaceOrientations_iPhone = "UIInterfaceOrientationPortrait UIInterfaceOrientationLandscapeLeft UIInterfaceOrientationLandscapeRight";
				LD_RUNPATH_SEARCH_PATHS = (
					"$(inherited)",
					"@executable_path/Frameworks",
				);
				MARKETING_VERSION = 1.0;
				PRODUCT_BUNDLE_IDENTIFIER = com.emiliopelaez.MonarchExample;
				PRODUCT_NAME = "$(TARGET_NAME)";
				REGISTER_APP_GROUPS = NO;
				SUPPORTED_PLATFORMS = "appletvos appletvsimulator iphoneos iphonesimulator macosx xros xrsimulator";
				SUPPORTS_MACCATALYST = NO;
				SUPPORTS_MAC_DESIGNED_FOR_IPHONE_IPAD = NO;
				SUPPORTS_XR_DESIGNED_FOR_IPHONE_IPAD = NO;
				SWIFT_EMIT_LOC_STRINGS = YES;
				SWIFT_VERSION = 5.0;
				TARGETED_DEVICE_FAMILY = "1,2,3,7";
			};
			name = Debug;
		};
		C8D8E1E3282A187C002F62FD /* Release */ = {
			isa = XCBuildConfiguration;
			buildSettings = {
				ASSETCATALOG_COMPILER_APPICON_NAME = AppIcon;
				ASSETCATALOG_COMPILER_GLOBAL_ACCENT_COLOR_NAME = AccentColor;
				CODE_SIGN_STYLE = Automatic;
				CURRENT_PROJECT_VERSION = 1;
				DEVELOPMENT_ASSET_PATHS = "\"MonarchExample/Preview Content\"";
				DEVELOPMENT_TEAM = FS696NSBK7;
				ENABLE_PREVIEWS = YES;
				GENERATE_INFOPLIST_FILE = YES;
				INFOPLIST_KEY_UIApplicationSceneManifest_Generation = YES;
				INFOPLIST_KEY_UIApplicationSupportsIndirectInputEvents = YES;
				INFOPLIST_KEY_UILaunchScreen_Generation = YES;
				INFOPLIST_KEY_UISupportedInterfaceOrientations_iPad = "UIInterfaceOrientationPortrait UIInterfaceOrientationPortraitUpsideDown UIInterfaceOrientationLandscapeLeft UIInterfaceOrientationLandscapeRight";
				INFOPLIST_KEY_UISupportedInterfaceOrientations_iPhone = "UIInterfaceOrientationPortrait UIInterfaceOrientationLandscapeLeft UIInterfaceOrientationLandscapeRight";
				LD_RUNPATH_SEARCH_PATHS = (
					"$(inherited)",
					"@executable_path/Frameworks",
				);
				MARKETING_VERSION = 1.0;
				PRODUCT_BUNDLE_IDENTIFIER = com.emiliopelaez.MonarchExample;
				PRODUCT_NAME = "$(TARGET_NAME)";
				REGISTER_APP_GROUPS = NO;
				SUPPORTED_PLATFORMS = "appletvos appletvsimulator iphoneos iphonesimulator macosx xros xrsimulator";
				SUPPORTS_MACCATALYST = NO;
				SUPPORTS_MAC_DESIGNED_FOR_IPHONE_IPAD = NO;
				SUPPORTS_XR_DESIGNED_FOR_IPHONE_IPAD = NO;
				SWIFT_EMIT_LOC_STRINGS = YES;
				SWIFT_VERSION = 5.0;
				TARGETED_DEVICE_FAMILY = "1,2,3,7";
			};
			name = Release;
		};
/* End XCBuildConfiguration section */

/* Begin XCConfigurationList section */
		C83B306F2D13C60300E47986 /* Build configuration list for PBXNativeTarget "MonarchExampleWatch" */ = {
			isa = XCConfigurationList;
			buildConfigurations = (
				C83B30702D13C60300E47986 /* Debug */,
				C83B30712D13C60300E47986 /* Release */,
			);
			defaultConfigurationIsVisible = 0;
			defaultConfigurationName = Release;
		};
		C8D8E1CE282A187A002F62FD /* Build configuration list for PBXProject "MonarchExample" */ = {
			isa = XCConfigurationList;
			buildConfigurations = (
				C8D8E1DF282A187C002F62FD /* Debug */,
				C8D8E1E0282A187C002F62FD /* Release */,
			);
			defaultConfigurationIsVisible = 0;
			defaultConfigurationName = Release;
		};
		C8D8E1E1282A187C002F62FD /* Build configuration list for PBXNativeTarget "MonarchExample" */ = {
			isa = XCConfigurationList;
			buildConfigurations = (
				C8D8E1E2282A187C002F62FD /* Debug */,
				C8D8E1E3282A187C002F62FD /* Release */,
			);
			defaultConfigurationIsVisible = 0;
			defaultConfigurationName = Release;
		};
/* End XCConfigurationList section */

/* Begin XCSwiftPackageProductDependency section */
		C83B30732D13C64600E47986 /* Monarch */ = {
			isa = XCSwiftPackageProductDependency;
			productName = Monarch;
		};
		C8958B1D282A191B00341D09 /* Monarch */ = {
			isa = XCSwiftPackageProductDependency;
			productName = Monarch;
		};
/* End XCSwiftPackageProductDependency section */
	};
	rootObject = C8D8E1CB282A187A002F62FD /* Project object */;
}
